{
  "nodes": {
    "atlassian-acli-tap": {
      "flake": false,
      "locked": {
        "lastModified": 1790137247,
        "narHash": "sha256-4D2kEAbHzEFpUQ67gpfSsVBEvsW0ZbmRRv0CttAvtk4=",
        "owner": "atlassian",
        "repo": "homebrew-acli",
        "rev": "d33267778c3e786e6c3ef50483f6009b3010994f",
        "type": "github"
      },
      "original": {
        "owner": "atlassian",
        "repo": "homebrew-acli",
        "type": "github"
      }
    },
    "brew-src": {
      "flake": false,
      "locked": {
        "lastModified": 1786348930,
        "narHash": "sha256-bCQJkbgsAMDp5HQystZLCq11UHiyEuoWbxKulAPYrh8=",
        "owner": "Homebrew",
        "repo": "brew",
        "rev": "3ecc9eff23feebf1bc73846d74e14a122c93b66f",
        "type": "github"
      },
      "original": {
        "owner": "Homebrew",
        "ref": "6.0.16",
        "repo": "brew",
        "type": "github"
      }
    },
    "manaflow-cmux-tap": {
      "flake": false,
      "locked": {
        "lastModified": 1785744424,
        "narHash": "sha256-Q3R/3rFAT84Lthm1jUI4BK/klno0IzrWun79c/RFO1I=",
        "owner": "manaflow-ai",
        "repo": "homebrew-cmux",
        "rev": "2923c738081350f309068ff3120f7aeb00722126",
        "type": "github"
      },
      "original": {
        "owner": "manaflow-ai",
        "repo": "homebrew-cmux",
        "type": "github"
      }
    },
    "nikitabobko-tap": {
      "flake": false,
      "locked": {
        "lastModified": 1788650992,
        "narHash": "sha256-UtBXjrHvfrPikHajq1SECV+Jc9bwmbbUc/bE37D8Xck=",
        "owner": "nikitabobko",
        "repo": "homebrew-tap",
        "rev": "9ac0bfc08904719c52a63101fa7e1e133a23bda2",
        "type": "github"
      },
      "original": {
        "owner": "nikitabobko",
        "repo": "homebrew-tap",
        "type": "github"
      }
    },
    "nix-darwin": {
      "inputs": {
        "nixpkgs": [
          "nixpkgs"
        ]
      },
      "locked": {
        "lastModified": 1786845137,
        "narHash": "sha256-oQFip+v0luP8NIxJzmiW4Wu8bILsbFWom5l0zonl8hQ=",
        "owner": "nix-darwin",
        "repo": "nix-darwin",
        "rev": "4cff07de74b50e64bdd68cd4e722ab5b6b35ee48",
        "type": "github"
      },
      "original": {
        "owner": "nix-darwin",
        "repo": "nix-darwin",
        "type": "github"
      }
    },
    "nix-homebrew": {
      "inputs": {
        "brew-src": "brew-src"
      },
      "locked": {
        "lastModified": 1786686423,
        "narHash": "sha256-8q3WdB8o3VUI7rOz1OXfioXIaaWbFTAxRJAkWLlfc0s=",
        "owner": "zhaofengli-wip",
        "repo": "nix-homebrew",
        "rev": "ccabf79a6b9845eb72b51ea1d9c7ce3446350df3",
        "type": "github"
      },
      "original": {
        "owner": "zhaofengli-wip",
        "repo": "nix-homebrew",
        "type": "github"
      }
    },
    "nixpkgs": {
      "locked": {
        "lastModified": 1790046670,
        "narHash": "sha256-MYiI+CzL0tuWgRPjGsKCDHqYs2T3OzMlMQWOYWG0qso=",
        "owner": "NixOS",
        "repo": "nixpkgs",
        "rev": "6774f7bc253789b113a4f39285dc0fa100abeacc",
        "type": "github"
      },
      "original": {
        "owner": "NixOS",
        "repo": "nixpkgs",
        "rev": "6774f7bc253789b113a4f39285dc0fa100abeacc",
        "type": "github"
      }
    },
    "root": {
      "inputs": {
        "atlassian-acli-tap": "atlassian-acli-tap",
        "manaflow-cmux-tap": "manaflow-cmux-tap",
        "nikitabobko-tap": "nikitabobko-tap",
        "nix-darwin": "nix-darwin",
        "nix-homebrew": "nix-homebrew",
        "nixpkgs": "nixpkgs"
      }
    }
  },
  "root": "root",
  "version": 7
}
